
Microsoft Visual Studio Solution File, Format Version 12.00
# Visual Studio 15
VisualStudioVersion = 15.0.26430.12
MinimumVisualStudioVersion = 10.0.40219.1
Project("{FAE04EC0-301F-11D3-BF4B-00C04F79EFBC}") = "UserDefinedConversion", "Conversions\UserDefinedConversion.csproj", "{D68FA4F1-80DA-41EE-8712-F590A442798D}"
EndProject
Project("{FAE04EC0-301F-11D3-BF4B-00C04F79EFBC}") = "EvaluatingUserDefinedConversions", "EvaluatingUserDefinedConversions\EvaluatingUserDefinedConversions.csproj", "{4E4DBBA3-8B0E-4365-9109-8198CFE21D78}"
EndProject
Project("{FAE04EC0-301F-11D3-BF4B-00C04F79EFBC}") = "TheIsOperator", "TheIsOperator\TheIsOperator.csproj", "{F6130C02-E498-4BBC-99D4-6794A541B177}"
EndProject
Project("{FAE04EC0-301F-11D3-BF4B-00C04F79EFBC}") = "TheAsOperator", "TheAsOperator\TheAsOperator.csproj", "{D42FADBF-2DCF-46EA-B9C9-22889D71F685}"
EndProject
Global
	GlobalSection(SolutionConfigurationPlatforms) = preSolution
		Debug|Any CPU = Debug|Any CPU
		Release|Any CPU = Release|Any CPU
	EndGlobalSection
	GlobalSection(ProjectConfigurationPlatforms) = postSolution
		{D68FA4F1-80DA-41EE-8712-F590A442798D}.Debug|Any CPU.ActiveCfg = Debug|Any CPU
		{D68FA4F1-80DA-41EE-8712-F590A442798D}.Debug|Any CPU.Build.0 = Debug|Any CPU
		{D68FA4F1-80DA-41EE-8712-F590A442798D}.Release|Any CPU.ActiveCfg = Release|Any CPU
		{D68FA4F1-80DA-41EE-8712-F590A442798D}.Release|Any CPU.Build.0 = Release|Any CPU
		{4E4DBBA3-8B0E-4365-9109-8198CFE21D78}.Debug|Any CPU.ActiveCfg = Debug|Any CPU
		{4E4DBBA3-8B0E-4365-9109-8198CFE21D78}.Debug|Any CPU.Build.0 = Debug|Any CPU
		{4E4DBBA3-8B0E-4365-9109-8198CFE21D78}.Release|Any CPU.ActiveCfg = Release|Any CPU
		{4E4DBBA3-8B0E-4365-9109-8198CFE21D78}.Release|Any CPU.Build.0 = Release|Any CPU
		{F6130C02-E498-4BBC-99D4-6794A541B177}.Debug|Any CPU.ActiveCfg = Debug|Any CPU
		{F6130C02-E498-4BBC-99D4-6794A541B177}.Debug|Any CPU.Build.0 = Debug|Any CPU
		{F6130C02-E498-4BBC-99D4-6794A541B177}.Release|Any CPU.ActiveCfg = Release|Any CPU
		{F6130C02-E498-4BBC-99D4-6794A541B177}.Release|Any CPU.Build.0 = Release|Any CPU
		{D42FADBF-2DCF-46EA-B9C9-22889D71F685}.Debug|Any CPU.ActiveCfg = Debug|Any CPU
		{D42FADBF-2DCF-46EA-B9C9-22889D71F685}.Debug|Any CPU.Build.0 = Debug|Any CPU
		{D42FADBF-2DCF-46EA-B9C9-22889D71F685}.Release|Any CPU.ActiveCfg = Release|Any CPU
		{D42FADBF-2DCF-46EA-B9C9-22889D71F685}.Release|Any CPU.Build.0 = Release|Any CPU
	EndGlobalSection
	GlobalSection(SolutionProperties) = preSolution
		HideSolutionNode = FALSE
	EndGlobalSection
EndGlobal
