
Microsoft Visual Studio Solution File, Format Version 12.00
# Visual Studio 15
VisualStudioVersion = 15.0.27130.2027
MinimumVisualStudioVersion = 10.0.40219.1
Project("{FAE04EC0-301F-11D3-BF4B-00C04F79EFBC}") = "UsingStatement", "Statements\UsingStatement.csproj", "{53119C51-B503-4F1E-8306-8A185FD09852}"
EndProject
Project("{FAE04EC0-301F-11D3-BF4B-00C04F79EFBC}") = "MultipleResourcesAndNesting", "MultipleResourcesAndNesting\MultipleResourcesAndNesting.csproj", "{865E69ED-04CF-4BEA-8535-67C4FAE397F4}"
EndProject
Global
	GlobalSection(SolutionConfigurationPlatforms) = preSolution
		Debug|Any CPU = Debug|Any CPU
		Release|Any CPU = Release|Any CPU
	EndGlobalSection
	GlobalSection(ProjectConfigurationPlatforms) = postSolution
		{53119C51-B503-4F1E-8306-8A185FD09852}.Debug|Any CPU.ActiveCfg = Debug|Any CPU
		{53119C51-B503-4F1E-8306-8A185FD09852}.Debug|Any CPU.Build.0 = Debug|Any CPU
		{53119C51-B503-4F1E-8306-8A185FD09852}.Release|Any CPU.ActiveCfg = Release|Any CPU
		{53119C51-B503-4F1E-8306-8A185FD09852}.Release|Any CPU.Build.0 = Release|Any CPU
		{865E69ED-04CF-4BEA-8535-67C4FAE397F4}.Debug|Any CPU.ActiveCfg = Debug|Any CPU
		{865E69ED-04CF-4BEA-8535-67C4FAE397F4}.Debug|Any CPU.Build.0 = Debug|Any CPU
		{865E69ED-04CF-4BEA-8535-67C4FAE397F4}.Release|Any CPU.ActiveCfg = Release|Any CPU
		{865E69ED-04CF-4BEA-8535-67C4FAE397F4}.Release|Any CPU.Build.0 = Release|Any CPU
	EndGlobalSection
	GlobalSection(SolutionProperties) = preSolution
		HideSolutionNode = FALSE
	EndGlobalSection
	GlobalSection(ExtensibilityGlobals) = postSolution
		SolutionGuid = {A46579B7-AE16-41B0-8547-5F4526012E6D}
	EndGlobalSection
EndGlobal
